
Microsoft Visual Studio Solution File, Format Version 12.00
# Visual Studio Version 17
VisualStudioVersion = 17.3.32922.545
MinimumVisualStudioVersion = 10.0.40219.1
Project("{8BC9CEB8-8B4A-11D0-8D11-00A0C91BC942}") = "Nametermainateprocessdll", "Nametermainateprocessdll.vcxproj", "{7CF3362B-FA6A-46A4-8323-FCA56705C013}"
EndProject
Global
	GlobalSection(SolutionConfigurationPlatforms) = preSolution
		Debug|x64 = Debug|x64
		Debug|x86 = Debug|x86
		Release|x64 = Release|x64
		Release|x86 = Release|x86
	EndGlobalSection
	GlobalSection(ProjectConfigurationPlatforms) = postSolution
		{7CF3362B-FA6A-46A4-8323-FCA56705C013}.Debug|x64.ActiveCfg = Debug|x64
		{7CF3362B-FA6A-46A4-8323-FCA56705C013}.Debug|x64.Build.0 = Debug|x64
		{7CF3362B-FA6A-46A4-8323-FCA56705C013}.Debug|x86.ActiveCfg = Debug|Win32
		{7CF3362B-FA6A-46A4-8323-FCA56705C013}.Debug|x86.Build.0 = Debug|Win32
		{7CF3362B-FA6A-46A4-8323-FCA56705C013}.Release|x64.ActiveCfg = Release|x64
		{7CF3362B-FA6A-46A4-8323-FCA56705C013}.Release|x64.Build.0 = Release|x64
		{7CF3362B-FA6A-46A4-8323-FCA56705C013}.Release|x86.ActiveCfg = Release|Win32
		{7CF3362B-FA6A-46A4-8323-FCA56705C013}.Release|x86.Build.0 = Release|Win32
	EndGlobalSection
	GlobalSection(SolutionProperties) = preSolution
		HideSolutionNode = FALSE
	EndGlobalSection
	GlobalSection(ExtensibilityGlobals) = postSolution
		SolutionGuid = {81FA6370-8A59-4C31-A9CC-5833F1D6D8BC}
	EndGlobalSection
EndGlobal
